# THIS IS AN AUTOGENERATED FILE. DO NOT EDIT THIS FILE DIRECTLY.
# yarn lockfile v1


bindings@^1.2.1:
  version "1.2.1"
  resolved "https://registry.yarnpkg.com/bindings/-/bindings-1.2.1.tgz#14ad6113812d2d37d72e67b4cacb4bb726505f11"

mmap.js@1.0.2:
  version "1.0.2"
  resolved "https://registry.yarnpkg.com/mmap.js/-/mmap.js-1.0.2.tgz#5396fde13c4a70a306045f10c1bae370a7b6dc5d"
  dependencies:
    bindings "^1.2.1"
    nan "^2.5.0"

nan@^2.5.0:
  version "2.5.1"
  resolved "https://registry.yarnpkg.com/nan/-/nan-2.5.1.tgz#d5b01691253326a97a2bbee9e61c55d8d60351e2"

node-cint64@1.1.2:
  version "1.1.2"
  resolved "https://registry.yarnpkg.com/node-cint64/-/node-cint64-1.1.2.tgz#dcfdc9b940755c1438d6e97fe8f6a2d693ec39c1"
